
Microsoft Visual Studio Solution File, Format Version 12.00
# Visual Studio Version 17
VisualStudioVersion = 17.14.37614.0
MinimumVisualStudioVersion = 10.0.40219.1
Project("{2150E333-8FDC-42A3-9474-1A3956D46DE8}") = "Task0", "Task0", "{02EA681E-C7D8-13C7-8484-4AC65E1B71E8}"
EndProject
Project("{FAE04EC0-301F-11D3-BF4B-00C04F79EFBC}") = "Tyuiu.FedorovskikhEO.Sprint1.Task0.V13", "Tyuiu.FedorovskikhEO.Sprint1.Task0.V13\Tyuiu.FedorovskikhEO.Sprint1.Task0.V13.csproj", "{611D55D2-B8A7-40FB-8853-D792D244601E}"
EndProject
Project("{FAE04EC0-301F-11D3-BF4B-00C04F79EFBC}") = "Tyuiu.FedorovskikhEO.Sprint1.Task0.V13.Lib", "Tyuiu.FedorovskikhEO.Sprint1.Task0.V13.Lib\Tyuiu.FedorovskikhEO.Sprint1.Task0.V13.Lib.csproj", "{455FCECA-7A74-45C4-A1BC-0223E31F79BD}"
EndProject
Project("{FAE04EC0-301F-11D3-BF4B-00C04F79EFBC}") = "Tyuiu.FedorovskikhEO.Sprint1.Task0.V13.Test", "Tyuiu.FedorovskikhEO.Sprint1.Task0.V13.Test\Tyuiu.FedorovskikhEO.Sprint1.Task0.V13.Test.csproj", "{3D4411DF-BAC0-4047-913B-321FE25CCF2A}"
EndProject
Project("{2150E333-8FDC-42A3-9474-1A3956D46DE8}") = "Task1", "Task1", "{A8C39947-C567-4144-8AB7-1F1B9EBB5495}"
EndProject
Project("{FAE04EC0-301F-11D3-BF4B-00C04F79EFBC}") = "Tyuiu.FedorovskikhEO.Sprint1.Task1.V2", "Tyuiu.FedorovskikhEO.Sprint1.Task1.V2\Tyuiu.FedorovskikhEO.Sprint1.Task1.V2.csproj", "{EE67F856-B6A3-4274-9CCA-58BBFD5354FC}"
EndProject
Project("{FAE04EC0-301F-11D3-BF4B-00C04F79EFBC}") = "Tyuiu.FedorovskikhEO.Sprint1.Task1.V2.Test", "Tyuiu.FedorovskikhEO.Sprint1.Task1.V2.Test\Tyuiu.FedorovskikhEO.Sprint1.Task1.V2.Test.csproj", "{98B9165E-E635-4A99-8E2E-EC812338EF47}"
EndProject
Project("{FAE04EC0-301F-11D3-BF4B-00C04F79EFBC}") = "Tyuiu.FedorovskikhEO.Sprint1.Task1.V2.Lib", "Tyuiu.FedorovskikhEO.Sprint1.Task1.V2.Lib\Tyuiu.FedorovskikhEO.Sprint1.Task1.V2.Lib.csproj", "{BF859AAD-0E7C-481A-9B5D-B6CF985F0ADE}"
EndProject
Project("{2150E333-8FDC-42A3-9474-1A3956D46DE8}") = "Task2", "Task2", "{09487216-8208-4F1C-99B8-1418BA854877}"
EndProject
Project("{FAE04EC0-301F-11D3-BF4B-00C04F79EFBC}") = "Tyuiu.FedorovskikhEO.Sprint1.Task2.V1", "Tyuiu.FedorovskikhEO.Sprint1.Task2.V1\Tyuiu.FedorovskikhEO.Sprint1.Task2.V1.csproj", "{C5138A18-567D-4831-97A3-55D276C91E45}"
EndProject
Project("{FAE04EC0-301F-11D3-BF4B-00C04F79EFBC}") = "Tyuiu.FedorovskikhEO.Sprint1.Task2.V1.Lib", "Tyuiu.FedorovskikhEO.Sprint1.Task2.V1.Lib\Tyuiu.FedorovskikhEO.Sprint1.Task2.V1.Lib.csproj", "{416713C8-C17C-4ADC-B0AC-A8895E823BE2}"
EndProject
Project("{FAE04EC0-301F-11D3-BF4B-00C04F79EFBC}") = "Tyuiu.FedorovskikhEO.Sprint1.Task2.V1.Test", "Tyuiu.FedorovskikhEO.Sprint1.Task2.V1.Test\Tyuiu.FedorovskikhEO.Sprint1.Task2.V1.Test.csproj", "{29CA6FFD-BAB7-4E86-A600-3935D48AAF65}"
EndProject
Project("{2150E333-8FDC-42A3-9474-1A3956D46DE8}") = "Task3", "Task3", "{B6B0E7E6-7CC7-41A4-8630-AFB3D4582C26}"
EndProject
Project("{FAE04EC0-301F-11D3-BF4B-00C04F79EFBC}") = "Tyuiu.FedorovskikhEO.Sprint1.Task3.V15", "Tyuiu.FedorovskikhEO.Sprint1.Task3.V15\Tyuiu.FedorovskikhEO.Sprint1.Task3.V15.csproj", "{48744F32-2145-4F76-9F4E-BFD7F1C81686}"
EndProject
Project("{FAE04EC0-301F-11D3-BF4B-00C04F79EFBC}") = "Tyuiu.FedorovskikhEO.Sprint1.Task3.V15.Lib", "Tyuiu.FedorovskikhEO.Sprint1.Task3.V15.Lib\Tyuiu.FedorovskikhEO.Sprint1.Task3.V15.Lib.csproj", "{98FD9F6E-DE5A-4474-AD64-A5E3C2BAE988}"
EndProject
Project("{FAE04EC0-301F-11D3-BF4B-00C04F79EFBC}") = "Tyuiu.FedorovskikhEO.Sprint1.Task3.V15.Test", "Tyuiu.FedorovskikhEO.Sprint1.Task3.V15.Test\Tyuiu.FedorovskikhEO.Sprint1.Task3.V15.Test.csproj", "{90F3AB9F-883E-4243-87A5-EAF4E6E30529}"
EndProject
Global
	GlobalSection(SolutionConfigurationPlatforms) = preSolution
		Debug|Any CPU = Debug|Any CPU
		Release|Any CPU = Release|Any CPU
	EndGlobalSection
	GlobalSection(ProjectConfigurationPlatforms) = postSolution
		{611D55D2-B8A7-40FB-8853-D792D244601E}.Debug|Any CPU.ActiveCfg = Debug|Any CPU
		{611D55D2-B8A7-40FB-8853-D792D244601E}.Debug|Any CPU.Build.0 = Debug|Any CPU
		{611D55D2-B8A7-40FB-8853-D792D244601E}.Release|Any CPU.ActiveCfg = Release|Any CPU
		{611D55D2-B8A7-40FB-8853-D792D244601E}.Release|Any CPU.Build.0 = Release|Any CPU
		{455FCECA-7A74-45C4-A1BC-0223E31F79BD}.Debug|Any CPU.ActiveCfg = Debug|Any CPU
		{455FCECA-7A74-45C4-A1BC-0223E31F79BD}.Debug|Any CPU.Build.0 = Debug|Any CPU
		{455FCECA-7A74-45C4-A1BC-0223E31F79BD}.Release|Any CPU.ActiveCfg = Release|Any CPU
		{455FCECA-7A74-45C4-A1BC-0223E31F79BD}.Release|Any CPU.Build.0 = Release|Any CPU
		{3D4411DF-BAC0-4047-913B-321FE25CCF2A}.Debug|Any CPU.ActiveCfg = Debug|Any CPU
		{3D4411DF-BAC0-4047-913B-321FE25CCF2A}.Debug|Any CPU.Build.0 = Debug|Any CPU
		{3D4411DF-BAC0-4047-913B-321FE25CCF2A}.Release|Any CPU.ActiveCfg = Release|Any CPU
		{3D4411DF-BAC0-4047-913B-321FE25CCF2A}.Release|Any CPU.Build.0 = Release|Any CPU
		{EE67F856-B6A3-4274-9CCA-58BBFD5354FC}.Debug|Any CPU.ActiveCfg = Debug|Any CPU
		{EE67F856-B6A3-4274-9CCA-58BBFD5354FC}.Debug|Any CPU.Build.0 = Debug|Any CPU
		{EE67F856-B6A3-4274-9CCA-58BBFD5354FC}.Release|Any CPU.ActiveCfg = Release|Any CPU
		{EE67F856-B6A3-4274-9CCA-58BBFD5354FC}.Release|Any CPU.Build.0 = Release|Any CPU
		{98B9165E-E635-4A99-8E2E-EC812338EF47}.Debug|Any CPU.ActiveCfg = Debug|Any CPU
		{98B9165E-E635-4A99-8E2E-EC812338EF47}.Debug|Any CPU.Build.0 = Debug|Any CPU
		{98B9165E-E635-4A99-8E2E-EC812338EF47}.Release|Any CPU.ActiveCfg = Release|Any CPU
		{98B9165E-E635-4A99-8E2E-EC812338EF47}.Release|Any CPU.Build.0 = Release|Any CPU
		{BF859AAD-0E7C-481A-9B5D-B6CF985F0ADE}.Debug|Any CPU.ActiveCfg = Debug|Any CPU
		{BF859AAD-0E7C-481A-9B5D-B6CF985F0ADE}.Debug|Any CPU.Build.0 = Debug|Any CPU
		{BF859AAD-0E7C-481A-9B5D-B6CF985F0ADE}.Release|Any CPU.ActiveCfg = Release|Any CPU
		{BF859AAD-0E7C-481A-9B5D-B6CF985F0ADE}.Release|Any CPU.Build.0 = Release|Any CPU
		{C5138A18-567D-4831-97A3-55D276C91E45}.Debug|Any CPU.ActiveCfg = Debug|Any CPU
		{C5138A18-567D-4831-97A3-55D276C91E45}.Debug|Any CPU.Build.0 = Debug|Any CPU
		{C5138A18-567D-4831-97A3-55D276C91E45}.Release|Any CPU.ActiveCfg = Release|Any CPU
		{C5138A18-567D-4831-97A3-55D276C91E45}.Release|Any CPU.Build.0 = Release|Any CPU
		{416713C8-C17C-4ADC-B0AC-A8895E823BE2}.Debug|Any CPU.ActiveCfg = Debug|Any CPU
		{416713C8-C17C-4ADC-B0AC-A8895E823BE2}.Debug|Any CPU.Build.0 = Debug|Any CPU
		{416713C8-C17C-4ADC-B0AC-A8895E823BE2}.Release|Any CPU.ActiveCfg = Release|Any CPU
		{416713C8-C17C-4ADC-B0AC-A8895E823BE2}.Release|Any CPU.Build.0 = Release|Any CPU
		{29CA6FFD-BAB7-4E86-A600-3935D48AAF65}.Debug|Any CPU.ActiveCfg = Debug|Any CPU
		{29CA6FFD-BAB7-4E86-A600-3935D48AAF65}.Debug|Any CPU.Build.0 = Debug|Any CPU
		{29CA6FFD-BAB7-4E86-A600-3935D48AAF65}.Release|Any CPU.ActiveCfg = Release|Any CPU
		{29CA6FFD-BAB7-4E86-A600-3935D48AAF65}.Release|Any CPU.Build.0 = Release|Any CPU
		{48744F32-2145-4F76-9F4E-BFD7F1C81686}.Debug|Any CPU.ActiveCfg = Debug|Any CPU
		{48744F32-2145-4F76-9F4E-BFD7F1C81686}.Debug|Any CPU.Build.0 = Debug|Any CPU
		{48744F32-2145-4F76-9F4E-BFD7F1C81686}.Release|Any CPU.ActiveCfg = Release|Any CPU
		{48744F32-2145-4F76-9F4E-BFD7F1C81686}.Release|Any CPU.Build.0 = Release|Any CPU
		{98FD9F6E-DE5A-4474-AD64-A5E3C2BAE988}.Debug|Any CPU.ActiveCfg = Debug|Any CPU
		{98FD9F6E-DE5A-4474-AD64-A5E3C2BAE988}.Debug|Any CPU.Build.0 = Debug|Any CPU
		{98FD9F6E-DE5A-4474-AD64-A5E3C2BAE988}.Release|Any CPU.ActiveCfg = Release|Any CPU
		{98FD9F6E-DE5A-4474-AD64-A5E3C2BAE988}.Release|Any CPU.Build.0 = Release|Any CPU
		{90F3AB9F-883E-4243-87A5-EAF4E6E30529}.Debug|Any CPU.ActiveCfg = Debug|Any CPU
		{90F3AB9F-883E-4243-87A5-EAF4E6E30529}.Debug|Any CPU.Build.0 = Debug|Any CPU
		{90F3AB9F-883E-4243-87A5-EAF4E6E30529}.Release|Any CPU.ActiveCfg = Release|Any CPU
		{90F3AB9F-883E-4243-87A5-EAF4E6E30529}.Release|Any CPU.Build.0 = Release|Any CPU
	EndGlobalSection
	GlobalSection(SolutionProperties) = preSolution
		HideSolutionNode = FALSE
	EndGlobalSection
	GlobalSection(NestedProjects) = preSolution
		{611D55D2-B8A7-40FB-8853-D792D244601E} = {02EA681E-C7D8-13C7-8484-4AC65E1B71E8}
		{455FCECA-7A74-45C4-A1BC-0223E31F79BD} = {02EA681E-C7D8-13C7-8484-4AC65E1B71E8}
		{3D4411DF-BAC0-4047-913B-321FE25CCF2A} = {02EA681E-C7D8-13C7-8484-4AC65E1B71E8}
		{EE67F856-B6A3-4274-9CCA-58BBFD5354FC} = {A8C39947-C567-4144-8AB7-1F1B9EBB5495}
		{98B9165E-E635-4A99-8E2E-EC812338EF47} = {A8C39947-C567-4144-8AB7-1F1B9EBB5495}
		{BF859AAD-0E7C-481A-9B5D-B6CF985F0ADE} = {A8C39947-C567-4144-8AB7-1F1B9EBB5495}
		{C5138A18-567D-4831-97A3-55D276C91E45} = {09487216-8208-4F1C-99B8-1418BA854877}
		{416713C8-C17C-4ADC-B0AC-A8895E823BE2} = {09487216-8208-4F1C-99B8-1418BA854877}
		{29CA6FFD-BAB7-4E86-A600-3935D48AAF65} = {09487216-8208-4F1C-99B8-1418BA854877}
		{48744F32-2145-4F76-9F4E-BFD7F1C81686} = {B6B0E7E6-7CC7-41A4-8630-AFB3D4582C26}
		{98FD9F6E-DE5A-4474-AD64-A5E3C2BAE988} = {B6B0E7E6-7CC7-41A4-8630-AFB3D4582C26}
		{90F3AB9F-883E-4243-87A5-EAF4E6E30529} = {B6B0E7E6-7CC7-41A4-8630-AFB3D4582C26}
	EndGlobalSection
	GlobalSection(ExtensibilityGlobals) = postSolution
		SolutionGuid = {E18D4731-C78D-4C9B-96C9-E860C4CD65DB}
	EndGlobalSection
EndGlobal
